
Microsoft Visual Studio Solution File, Format Version 12.00
# Visual Studio 2013
VisualStudioVersion = 12.0.31101.0
MinimumVisualStudioVersion = 10.0.40219.1
Project("{FAE04EC0-301F-11D3-BF4B-00C04F79EFBC}") = "Bicycle rent(ASP.NET Application)", "ASP.NET\Bicycle rent(ASP.NET Application).csproj", "{C1AAC869-E56F-4DCD-92AE-4D843371E940}"
EndProject
Project("{FAE04EC0-301F-11D3-BF4B-00C04F79EFBC}") = "Bicycle rent(Objects)", "Objects\Bicycle rent(Objects).csproj", "{1DB81FB8-23BA-4ECD-8B5F-1D6FB96CAF18}"
EndProject
Global
	GlobalSection(SolutionConfigurationPlatforms) = preSolution
Debug|Any CPU = Debug|Any CPU
Release|Any CPU = Release|Any CPU
	EndGlobalSection
	GlobalSection(ProjectConfigurationPlatforms) = postSolution
		{C1AAC869-E56F-4DCD-92AE-4D843371E940}.Debug|Any CPU.ActiveCfg = Debug|Any CPU
		{C1AAC869-E56F-4DCD-92AE-4D843371E940}.Debug|Any CPU.Build.0 = Debug|Any CPU
		{C1AAC869-E56F-4DCD-92AE-4D843371E940}.Release|Any CPU.ActiveCfg = Release|Any CPU
		{C1AAC869-E56F-4DCD-92AE-4D843371E940}.Release|Any CPU.Build.0 = Release|Any CPU
		{1DB81FB8-23BA-4ECD-8B5F-1D6FB96CAF18}.Debug|Any CPU.ActiveCfg = Debug|Any CPU
		{1DB81FB8-23BA-4ECD-8B5F-1D6FB96CAF18}.Debug|Any CPU.Build.0 = Debug|Any CPU
		{1DB81FB8-23BA-4ECD-8B5F-1D6FB96CAF18}.Release|Any CPU.ActiveCfg = Release|Any CPU
		{1DB81FB8-23BA-4ECD-8B5F-1D6FB96CAF18}.Release|Any CPU.Build.0 = Release|Any CPU
	EndGlobalSection
	GlobalSection(SolutionProperties) = preSolution
		HideSolutionNode = FALSE
	EndGlobalSection
EndGlobal
